
Microsoft Visual Studio Solution File, Format Version 12.00
# Visual Studio Version 17
VisualStudioVersion = 17.11.35327.3
MinimumVisualStudioVersion = 10.0.40219.1
Project("{FAE04EC0-301F-11D3-BF4B-00C04F79EFBC}") = "AuctionManagementAPI", "AuctionManagementAPI.csproj", "{BE48C366-DDC0-4850-B84B-6FC2E9EB73C2}"
EndProject
Global
	GlobalSection(SolutionConfigurationPlatforms) = preSolution
		Debug|Any CPU = Debug|Any CPU
		Release|Any CPU = Release|Any CPU
	EndGlobalSection
	GlobalSection(ProjectConfigurationPlatforms) = postSolution
		{BE48C366-DDC0-4850-B84B-6FC2E9EB73C2}.Debug|Any CPU.ActiveCfg = Debug|Any CPU
		{BE48C366-DDC0-4850-B84B-6FC2E9EB73C2}.Debug|Any CPU.Build.0 = Debug|Any CPU
		{BE48C366-DDC0-4850-B84B-6FC2E9EB73C2}.Release|Any CPU.ActiveCfg = Release|Any CPU
		{BE48C366-DDC0-4850-B84B-6FC2E9EB73C2}.Release|Any CPU.Build.0 = Release|Any CPU
	EndGlobalSection
	GlobalSection(SolutionProperties) = preSolution
		HideSolutionNode = FALSE
	EndGlobalSection
	GlobalSection(ExtensibilityGlobals) = postSolution
		SolutionGuid = {64968027-E074-4184-99D3-CB3088F4B185}
	EndGlobalSection
EndGlobal
